
Microsoft Visual Studio Solution File, Format Version 12.00
# Visual Studio Version 16
VisualStudioVersion = 16.0.30711.63
MinimumVisualStudioVersion = 10.0.40219.1
Project("{FAE04EC0-301F-11D3-BF4B-00C04F79EFBC}") = "MySQLBackupNetCore", "MySQLBackupNetCore\MySQLBackupNetCore.csproj", "{E1121819-B18D-4EF3-A8C1-5AE0A1D2EACE}"
EndProject
Global
	GlobalSection(SolutionConfigurationPlatforms) = preSolution
		Debug|Any CPU = Debug|Any CPU
		Release|Any CPU = Release|Any CPU
	EndGlobalSection
	GlobalSection(ProjectConfigurationPlatforms) = postSolution
		{E1121819-B18D-4EF3-A8C1-5AE0A1D2EACE}.Debug|Any CPU.ActiveCfg = Debug|Any CPU
		{E1121819-B18D-4EF3-A8C1-5AE0A1D2EACE}.Debug|Any CPU.Build.0 = Debug|Any CPU
		{E1121819-B18D-4EF3-A8C1-5AE0A1D2EACE}.Release|Any CPU.ActiveCfg = Release|Any CPU
		{E1121819-B18D-4EF3-A8C1-5AE0A1D2EACE}.Release|Any CPU.Build.0 = Release|Any CPU
	EndGlobalSection
	GlobalSection(SolutionProperties) = preSolution
		HideSolutionNode = FALSE
	EndGlobalSection
	GlobalSection(ExtensibilityGlobals) = postSolution
		SolutionGuid = {1A7144D4-AA52-4021-B83D-A591665B0A55}
	EndGlobalSection
EndGlobal
